
Microsoft Visual Studio Solution File, Format Version 12.00
# Visual Studio Version 16
VisualStudioVersion = 16.0.30225.117
MinimumVisualStudioVersion = 10.0.40219.1
Project("{8BC9CEB8-8B4A-11D0-8D11-00A0C91BC942}") = "Git_Test_Project", "Git_Test_Project.vcxproj", "{8704ED78-2DFA-4B29-B66A-6E1B4E1994E6}"
EndProject
Global
	GlobalSection(SolutionConfigurationPlatforms) = preSolution
		Debug|x64 = Debug|x64
		Debug|x86 = Debug|x86
		Release|x64 = Release|x64
		Release|x86 = Release|x86
	EndGlobalSection
	GlobalSection(ProjectConfigurationPlatforms) = postSolution
		{8704ED78-2DFA-4B29-B66A-6E1B4E1994E6}.Debug|x64.ActiveCfg = Debug|x64
		{8704ED78-2DFA-4B29-B66A-6E1B4E1994E6}.Debug|x64.Build.0 = Debug|x64
		{8704ED78-2DFA-4B29-B66A-6E1B4E1994E6}.Debug|x86.ActiveCfg = Debug|Win32
		{8704ED78-2DFA-4B29-B66A-6E1B4E1994E6}.Debug|x86.Build.0 = Debug|Win32
		{8704ED78-2DFA-4B29-B66A-6E1B4E1994E6}.Release|x64.ActiveCfg = Release|x64
		{8704ED78-2DFA-4B29-B66A-6E1B4E1994E6}.Release|x64.Build.0 = Release|x64
		{8704ED78-2DFA-4B29-B66A-6E1B4E1994E6}.Release|x86.ActiveCfg = Release|Win32
		{8704ED78-2DFA-4B29-B66A-6E1B4E1994E6}.Release|x86.Build.0 = Release|Win32
	EndGlobalSection
	GlobalSection(SolutionProperties) = preSolution
		HideSolutionNode = FALSE
	EndGlobalSection
	GlobalSection(ExtensibilityGlobals) = postSolution
		SolutionGuid = {8203778F-86C2-4673-AB5D-C0F59605BB17}
	EndGlobalSection
EndGlobal
